
Microsoft Visual Studio Solution File, Format Version 12.00
# Visual Studio Version 16
VisualStudioVersion = 16.0.30413.136
MinimumVisualStudioVersion = 10.0.40219.1
Project("{FAE04EC0-301F-11D3-BF4B-00C04F79EFBC}") = "BlazorApp1", "BlazorApp1\BlazorApp1.csproj", "{892A26FB-5897-4DDD-85E0-147B8C0C7C4E}"
EndProject
Global
	GlobalSection(SolutionConfigurationPlatforms) = preSolution
		Debug|Any CPU = Debug|Any CPU
		Release|Any CPU = Release|Any CPU
	EndGlobalSection
	GlobalSection(ProjectConfigurationPlatforms) = postSolution
		{892A26FB-5897-4DDD-85E0-147B8C0C7C4E}.Debug|Any CPU.ActiveCfg = Debug|Any CPU
		{892A26FB-5897-4DDD-85E0-147B8C0C7C4E}.Debug|Any CPU.Build.0 = Debug|Any CPU
		{892A26FB-5897-4DDD-85E0-147B8C0C7C4E}.Release|Any CPU.ActiveCfg = Release|Any CPU
		{892A26FB-5897-4DDD-85E0-147B8C0C7C4E}.Release|Any CPU.Build.0 = Release|Any CPU
	EndGlobalSection
	GlobalSection(SolutionProperties) = preSolution
		HideSolutionNode = FALSE
	EndGlobalSection
	GlobalSection(ExtensibilityGlobals) = postSolution
		SolutionGuid = {7166507C-16CD-4E72-90C1-4F7F4AD0184A}
	EndGlobalSection
EndGlobal
